// !$*UTF8*$!
{
	archiveVersion = 1;
	classes = {
	};
	objectVersion = 77;
	objects = {

/* Begin PBXBuildFile section */
		042A8D2CF61C969F79E7BB8F /* CommitBar.swift in Sources */ = {isa = PBXBuildFile; fileRef = 03E2501E367717648395F0DE /* CommitBar.swift */; };
		04BD58D1B40CBE60D9C07B39 /* ConnectionSummaryTests.swift in Sources */ = {isa = PBXBuildFile; fileRef = 615B01DDEEA918B56797FD82 /* ConnectionSummaryTests.swift */; };
		1140BEA9925BEBB8FE627A1D /* SpecParserTests.swift in Sources */ = {isa = PBXBuildFile; fileRef = 3531063D693A5E35F860EC9F /* SpecParserTests.swift */; };
		114E5DDB1074922C239DBEE4 /* TileChrome.swift in Sources */ = {isa = PBXBuildFile; fileRef = 4CE1CDC57A91E5BE148DFF76 /* TileChrome.swift */; };
		117F4B5D662757E5F411C604 /* GitSidebarView.swift in Sources */ = {isa = PBXBuildFile; fileRef = E484D66678820F7CAC8411B7 /* GitSidebarView.swift */; };
		11E85D89FE1797692AA4A1C2 /* SpecStripView.swift in Sources */ = {isa = PBXBuildFile; fileRef = 2DF0B28973E633407B8320E0 /* SpecStripView.swift */; };
		1E5ED55A7A1F671ECD856708 /* TerminalSurface.swift in Sources */ = {isa = PBXBuildFile; fileRef = ABA968AA725D35E4FBC7C386 /* TerminalSurface.swift */; };
		20D07DB7250F7AD4DF1F5357 /* TileDragHandler.swift in Sources */ = {isa = PBXBuildFile; fileRef = BC80EF0396CDF90170BCA53D /* TileDragHandler.swift */; };
		21F8F23BF02F16D69A53976A /* MarkdownRenderer.swift in Sources */ = {isa = PBXBuildFile; fileRef = 230207878D2083CDEF0BAAE4 /* MarkdownRenderer.swift */; };
		22DFD161C8BE07141B17B213 /* ChatTileResizeOverlay.swift in Sources */ = {isa = PBXBuildFile; fileRef = 6AADB4AFB9B9B911D3DBBAA3 /* ChatTileResizeOverlay.swift */; };
		23715A7AC1B62147BC77E750 /* TerminalPanel.swift in Sources */ = {isa = PBXBuildFile; fileRef = A15152D97797575AFCCB3885 /* TerminalPanel.swift */; };
		2938C456FFF461F3E288470C /* AgentPrompts.swift in Sources */ = {isa = PBXBuildFile; fileRef = 62AD068CF25E28A75B6B32B3 /* AgentPrompts.swift */; };
		2EA50EA8BB183718A839EEED /* SpecParser.swift in Sources */ = {isa = PBXBuildFile; fileRef = 77ACC2BDED3933B1A22B5B3A /* SpecParser.swift */; };
		2FCD4DADADAE0B13FB060D80 /* ConnectionsLayer.swift in Sources */ = {isa = PBXBuildFile; fileRef = 6A9039793C6574B3B379213C /* ConnectionsLayer.swift */; };
		316F072D79A27D01CE4A8364 /* LeftPanelView.swift in Sources */ = {isa = PBXBuildFile; fileRef = 0492311419C518AA6067392E /* LeftPanelView.swift */; };
		3C24A763FB708CA210F212C7 /* MarkdownTableView.swift in Sources */ = {isa = PBXBuildFile; fileRef = 802CA2FC66F91ECCC5393BCD /* MarkdownTableView.swift */; };
		413C4EEA79F17A69DA0D4310 /* BrowserTileView.swift in Sources */ = {isa = PBXBuildFile; fileRef = E1DF69F7E258333429E8776A /* BrowserTileView.swift */; };
		43D022ED6150174EFAFC7842 /* BuildStatusState.swift in Sources */ = {isa = PBXBuildFile; fileRef = 6793A0F29FC48F428D7551AC /* BuildStatusState.swift */; };
		449169319080787A9AFD1CEB /* ContextManifest.swift in Sources */ = {isa = PBXBuildFile; fileRef = 86C8F8EFE9D0875190D83149 /* ContextManifest.swift */; };
		4785E3EA50862FC7F50DF21C /* ActivityFeedView.swift in Sources */ = {isa = PBXBuildFile; fileRef = DD34AFA74441FB323B2CD6F9 /* ActivityFeedView.swift */; };
		4A25D41B5AED10D8711A0303 /* FrameContainerView.swift in Sources */ = {isa = PBXBuildFile; fileRef = E1AD75E3820536BF544B2378 /* FrameContainerView.swift */; };
		4CE1E4AE6F3E316D80DAB7EA /* SpecState.swift in Sources */ = {isa = PBXBuildFile; fileRef = 569312B838ACACD366CC8090 /* SpecState.swift */; };
		4D85A7FAD126CCC450B6E2D2 /* DiffView.swift in Sources */ = {isa = PBXBuildFile; fileRef = BA31CD9CFC2F1AF11FB20450 /* DiffView.swift */; };
		4E1E26BA9C8DC68DB90FB24F /* StickyNoteView.swift in Sources */ = {isa = PBXBuildFile; fileRef = 02F7215162F54C21A417AEB8 /* StickyNoteView.swift */; };
		4E251F21E3201D9C15D83851 /* PaneLayout.swift in Sources */ = {isa = PBXBuildFile; fileRef = 875EEB2C511F4F2AF8730381 /* PaneLayout.swift */; };
		4ED11BF0954CC0664A2E983C /* SyntaxHighlighter.swift in Sources */ = {isa = PBXBuildFile; fileRef = C491CAA31843BB6BB3F78EAB /* SyntaxHighlighter.swift */; };
		50255C428DE574A26CBA9184 /* FilePreviewView.swift in Sources */ = {isa = PBXBuildFile; fileRef = 5F15487E095AC64498BF5BC2 /* FilePreviewView.swift */; };
		52A50012BC069C227653FE78 /* CLISubprocessManager.swift in Sources */ = {isa = PBXBuildFile; fileRef = 39176766FB786C35333F2C4C /* CLISubprocessManager.swift */; };
		5F8E35F5B4DA5E20613FC383 /* TaskCompletionSheet.swift in Sources */ = {isa = PBXBuildFile; fileRef = 29BDC02274A627217646433F /* TaskCompletionSheet.swift */; };
		621C5643294FD063C2D34DC0 /* WorkspaceView.swift in Sources */ = {isa = PBXBuildFile; fileRef = 0BDD0301C904BEDDA630C023 /* WorkspaceView.swift */; };
		643CCF8236804E5BE1FD0FA0 /* TerminalPanelView.swift in Sources */ = {isa = PBXBuildFile; fileRef = 7B94B1A39F46BEB5453BDD49 /* TerminalPanelView.swift */; };
		64FC5DA81A3FACFE44D1AA80 /* ProjectStore.swift in Sources */ = {isa = PBXBuildFile; fileRef = B69971DA73882AEBFEEFC20D /* ProjectStore.swift */; };
		6A36A81E7902B40A55536106 /* TileConnection.swift in Sources */ = {isa = PBXBuildFile; fileRef = D8A1D43F4D8C488C552F26E4 /* TileConnection.swift */; };
		6CB10210AC1391325E23684D /* TileConnectionTests.swift in Sources */ = {isa = PBXBuildFile; fileRef = 29D58E516EF4D0B568616D6A /* TileConnectionTests.swift */; };
		6D4694D86D395AA3E0F11809 /* ConnectionSummaryManager.swift in Sources */ = {isa = PBXBuildFile; fileRef = 61B153B3AFB50B54D43767B7 /* ConnectionSummaryManager.swift */; };
		6F4107A269D1A841E6127D46 /* TerminalTileView.swift in Sources */ = {isa = PBXBuildFile; fileRef = 0C773EF983509AF56272E5B5 /* TerminalTileView.swift */; };
		713F6D21172B0C10DCB5344D /* AppStatePersistence.swift in Sources */ = {isa = PBXBuildFile; fileRef = 2EE68993A9A1CDF56DA4CD58 /* AppStatePersistence.swift */; };
		73FFD4BA6907AE25C996A5C1 /* SyntaxHighlighterTests.swift in Sources */ = {isa = PBXBuildFile; fileRef = 7ADFDFA12D1625FC99C09356 /* SyntaxHighlighterTests.swift */; };
		7563726A422E225F8519CFF2 /* MarkdownTileView.swift in Sources */ = {isa = PBXBuildFile; fileRef = B6A5F5D954773878CEA5C72A /* MarkdownTileView.swift */; };
		7A7D73AC2FC90BC7632D63AF /* AppDelegate.swift in Sources */ = {isa = PBXBuildFile; fileRef = 4A11B98BC7EFC2C859D464CD /* AppDelegate.swift */; };
		7ADCE79A83BAA2E5051B4EAB /* ChatMessage.swift in Sources */ = {isa = PBXBuildFile; fileRef = 105399D43EF68E510AB152E8 /* ChatMessage.swift */; };
		99C0E7F5B2D4F602 /* PlanConversationPersistence.swift in Sources */ = {isa = PBXBuildFile; fileRef = 88B9D6F4A1C3E501 /* PlanConversationPersistence.swift */; };
		7FCB3A9D6082419F454CE61D /* Markdown in Frameworks */ = {isa = PBXBuildFile; productRef = E66CC99F9D66B16269939F80 /* Markdown */; };
		8505CA3CB7CAFC422CAAFFFB /* CanvasPersistence.swift in Sources */ = {isa = PBXBuildFile; fileRef = 18333A031808F62095F1703A /* CanvasPersistence.swift */; };
		862262E3EC6D09753D882AFA /* PlanChatState.swift in Sources */ = {isa = PBXBuildFile; fileRef = C05C0A1DA7AFEBBF944037FE /* PlanChatState.swift */; };
		871B320C880BB36D33B699F3 /* GhosttyConfig.swift in Sources */ = {isa = PBXBuildFile; fileRef = 1B5511ABE7C96EC4C39A0345 /* GhosttyConfig.swift */; };
		88921FEE69D164CD2AE748C3 /* TaskState.swift in Sources */ = {isa = PBXBuildFile; fileRef = 9AFE20EF00412F2273406065 /* TaskState.swift */; };
		8CBCE6DA9FACE7B63B9E0B0A /* BudahADEApp.swift in Sources */ = {isa = PBXBuildFile; fileRef = 2319C4BCE08218AE8B0E1790 /* BudahADEApp.swift */; };
		8D614A6C2D45D57D424989FF /* PlanTabInfo.swift in Sources */ = {isa = PBXBuildFile; fileRef = 44797B9C62EDBFA7C53FC905 /* PlanTabInfo.swift */; };
		8D755546EB10A32DB66C6D7D /* AgentRole.swift in Sources */ = {isa = PBXBuildFile; fileRef = 2248CD251CA957A5BF8EC506 /* AgentRole.swift */; };
		90C7EAE97BF0325E90DF8482 /* TaskRailView.swift in Sources */ = {isa = PBXBuildFile; fileRef = 5759D771BB98273BB6BD7A50 /* TaskRailView.swift */; };
		90E048B7DF3BA37460BFAB11 /* SpecAssembler.swift in Sources */ = {isa = PBXBuildFile; fileRef = B61D4472171350423C16C30A /* SpecAssembler.swift */; };
		929607743BE8DB17B97FACF6 /* MermaidRenderer.swift in Sources */ = {isa = PBXBuildFile; fileRef = B1E6ED0BAACC416126E2434F /* MermaidRenderer.swift */; };
		9360CD3287EF02D05C1BC77A /* TextContentView.swift in Sources */ = {isa = PBXBuildFile; fileRef = 446F5B715D56B121ACAB6197 /* TextContentView.swift */; };
		936B5BEAB42C54F0B6C8D0AF /* TerminalTabBar.swift in Sources */ = {isa = PBXBuildFile; fileRef = AE3EEC5156CC17A25522CEA8 /* TerminalTabBar.swift */; };
		943AE62532082E736CADB572 /* BranchPicker.swift in Sources */ = {isa = PBXBuildFile; fileRef = 4BFD18F77F12A05253442BE7 /* BranchPicker.swift */; };
		9451ECD75854EDB839C75613 /* CanvasPersistenceTests.swift in Sources */ = {isa = PBXBuildFile; fileRef = 8D81BC97619FB88DB6761DE6 /* CanvasPersistenceTests.swift */; };
		9591F45CC67A3B7F0014BA52 /* Theme.swift in Sources */ = {isa = PBXBuildFile; fileRef = AC6BAB7A597B9483594284F5 /* Theme.swift */; };
		9995F4FD64D8D5F7F0FBD10D /* CodeBlockView.swift in Sources */ = {isa = PBXBuildFile; fileRef = 0A1BD4E20C8A1B0252942678 /* CodeBlockView.swift */; };
		99A05E4B6A1A4E159D8C4A8D /* InlineNodesView.swift in Sources */ = {isa = PBXBuildFile; fileRef = E23D256BEFB8D9BE4995FB2F /* InlineNodesView.swift */; };
		9A591DEA92F5E2CBEC8B1BF1 /* PlanChatView.swift in Sources */ = {isa = PBXBuildFile; fileRef = 0B13B8012976BD523DA1A788 /* PlanChatView.swift */; };
		9A7599FBE37CE99F39DB634A /* GhosttyAppManager.swift in Sources */ = {isa = PBXBuildFile; fileRef = FD6E9C66553BA0289C0B3306 /* GhosttyAppManager.swift */; };
		9CBAF5D0CCF1CC42303D581D /* ChatTileView.swift in Sources */ = {isa = PBXBuildFile; fileRef = FD395B8B091F42A4F27AF847 /* ChatTileView.swift */; };
		A1AAED5FD90A0ABAFE690D9E /* SessionPersistence.swift in Sources */ = {isa = PBXBuildFile; fileRef = 7E24733C9F4438073B78354E /* SessionPersistence.swift */; };
		A34B8959974F7927487B481B /* FileWatcher.swift in Sources */ = {isa = PBXBuildFile; fileRef = CDDE6DF907D1800819FC9F49 /* FileWatcher.swift */; };
		A43CBAF9F2B8645909DB5BAE /* MarkdownSectionParserTests.swift in Sources */ = {isa = PBXBuildFile; fileRef = 613162E19DB48FF4A5FD876D /* MarkdownSectionParserTests.swift */; };
		A78DD2A4F1C1A557B0C920C3 /* ChatMessageTests.swift in Sources */ = {isa = PBXBuildFile; fileRef = BA8669BBD4F4B2DF69CF04EF /* ChatMessageTests.swift */; };
		A7D399BBD879DA2E9E981942 /* ProjectPickerView.swift in Sources */ = {isa = PBXBuildFile; fileRef = 17C4399EF786D8069D8BDEF3 /* ProjectPickerView.swift */; };
		AD9AAC5CD5D8BDAAB0ACFB9A /* AgentsPanel.swift in Sources */ = {isa = PBXBuildFile; fileRef = 889ADE1D08FC1BD0EF48D255 /* AgentsPanel.swift */; };
		AF213BD23071867AEAF312C2 /* GitRepository.swift in Sources */ = {isa = PBXBuildFile; fileRef = 96B70FCB3FE6B21E44E638F8 /* GitRepository.swift */; };
		B1A14E416C7049CBAB06DA25 /* SendToMenu.swift in Sources */ = {isa = PBXBuildFile; fileRef = 3D65695A23854CAF943DA171 /* SendToMenu.swift */; };
		B42AE7BA6B493E509D9C97AB /* WorkspaceDropdown.swift in Sources */ = {isa = PBXBuildFile; fileRef = 3CA70F9F879881BC4BECBC75 /* WorkspaceDropdown.swift */; };
		B5EA5B5FCB5F2A0A8B9BC96A /* EditableMarkdownRenderer.swift in Sources */ = {isa = PBXBuildFile; fileRef = C6B3E11D3A9FF310934B5569 /* EditableMarkdownRenderer.swift */; };
		B637F69B5A385EC7D882E5C1 /* GitWorktreeManager.swift in Sources */ = {isa = PBXBuildFile; fileRef = 8A658A83DDCAA7B7F63B1827 /* GitWorktreeManager.swift */; };
		B68A9BA58C76081C1BD3C20A /* GitPanelView.swift in Sources */ = {isa = PBXBuildFile; fileRef = 5B705CFF356264227986EFC3 /* GitPanelView.swift */; };
		B95C32539457698DEAB58ECB /* PlanCanvasState.swift in Sources */ = {isa = PBXBuildFile; fileRef = CAD8144AB5B9FEA46F501828 /* PlanCanvasState.swift */; };
		B9E8125A92533B1BE418C116 /* PlanTabBar.swift in Sources */ = {isa = PBXBuildFile; fileRef = FF2963B910167F6F17F353CD /* PlanTabBar.swift */; };
		BFD0853E7FEB2689A97101F0 /* SessionPersistenceTests.swift in Sources */ = {isa = PBXBuildFile; fileRef = A2B298CF533118ED5109DDB4 /* SessionPersistenceTests.swift */; };
		BFD578FE7958B66754A04103 /* StagingView.swift in Sources */ = {isa = PBXBuildFile; fileRef = E0BB662F1E68870408AB79C0 /* StagingView.swift */; };
		C4A7780D27A2273DF964A740 /* SmartGuides.swift in Sources */ = {isa = PBXBuildFile; fileRef = FC8076CAE8B058A6546DFC05 /* SmartGuides.swift */; };
		C4C0789CCE1F66D2B9CE825C /* CLISubprocessManagerTests.swift in Sources */ = {isa = PBXBuildFile; fileRef = 6C8A90151E35F3275E7949A5 /* CLISubprocessManagerTests.swift */; };
		C6E6CD27B61BBF2CD2DF6B50 /* AgentStatusView.swift in Sources */ = {isa = PBXBuildFile; fileRef = 767DE60DA0CF895A8BD7606E /* AgentStatusView.swift */; };
		CDADF807D968D1569DE81E02 /* AgentSession.swift in Sources */ = {isa = PBXBuildFile; fileRef = FB4701DD02EBF21C6E4814EE /* AgentSession.swift */; };
		GG1234567890AB01 /* AgentMode.swift in Sources */ = {isa = PBXBuildFile; fileRef = GG1234567890AB02 /* AgentMode.swift */; };
		CDE93063FC592FAD18D8C0D3 /* AgentSessionTests.swift in Sources */ = {isa = PBXBuildFile; fileRef = B6FB2BB32C6E95B421F9188B /* AgentSessionTests.swift */; };
		88B9F0A6C4D5E702 /* PlanConversationPersistenceTests.swift in Sources */ = {isa = PBXBuildFile; fileRef = 77A8E9F5B3C4D601 /* PlanConversationPersistenceTests.swift */; };
		CC1234567890AB01 /* CrossTabContextTests.swift in Sources */ = {isa = PBXBuildFile; fileRef = CC1234567890AB02 /* CrossTabContextTests.swift */; };
		DD1234567890AB01 /* PlanBuildBridgeTests.swift in Sources */ = {isa = PBXBuildFile; fileRef = DD1234567890AB02 /* PlanBuildBridgeTests.swift */; };
		AA0001000001AA01 /* SpecVersionManager.swift in Sources */ = {isa = PBXBuildFile; fileRef = AA0001000001AA02 /* SpecVersionManager.swift */; };
		AA0001000002AA01 /* PlanActionButtons.swift in Sources */ = {isa = PBXBuildFile; fileRef = AA0001000002AA02 /* PlanActionButtons.swift */; };
		FF1234567890AB01 /* RoleSelectionModal.swift in Sources */ = {isa = PBXBuildFile; fileRef = FF1234567890AB02 /* RoleSelectionModal.swift */; };
		HH1234567890AB01 /* SlashCommandPopover.swift in Sources */ = {isa = PBXBuildFile; fileRef = HH1234567890AB02 /* SlashCommandPopover.swift */; };
		AA0001000003AA01 /* SpecVersionManagerTests.swift in Sources */ = {isa = PBXBuildFile; fileRef = AA0001000003AA02 /* SpecVersionManagerTests.swift */; };
		D05C0BA31AD477A67E19CB86 /* CanvasElementView.swift in Sources */ = {isa = PBXBuildFile; fileRef = 1BC9007B2EB655C83C85950F /* CanvasElementView.swift */; };
		D2EF43F713D69EBBA1BDB82B /* TileResizeHandler.swift in Sources */ = {isa = PBXBuildFile; fileRef = 67E84F097063033949D58E23 /* TileResizeHandler.swift */; };
		D447DCD7346C53F34D961C91 /* BuildStatusWatcher.swift in Sources */ = {isa = PBXBuildFile; fileRef = 29AE47D7CE6C4505EC7C95B4 /* BuildStatusWatcher.swift */; };
		D469DD816447093BEAD45B9E /* SpecWatcher.swift in Sources */ = {isa = PBXBuildFile; fileRef = 6AC53836528164F5A7A3B028 /* SpecWatcher.swift */; };
		D82B700AF8FE1AA2527793C8 /* SpecPanelView.swift in Sources */ = {isa = PBXBuildFile; fileRef = 5B3EA44C1B07BAA3CA4FF10C /* SpecPanelView.swift */; };
		D8F81F365F4CE4AADB9F6AF2 /* RestoredTerminalView.swift in Sources */ = {isa = PBXBuildFile; fileRef = FE4F0D74F215CD570C46CDF7 /* RestoredTerminalView.swift */; };
		D93EF647D18F66ED982F9A3A /* TerminalSurfaceView.swift in Sources */ = {isa = PBXBuildFile; fileRef = 097E88C7634C6AEA371FCED8 /* TerminalSurfaceView.swift */; };
		DB00B889725D9768A2C89D5D /* ScrollWheelMonitor.swift in Sources */ = {isa = PBXBuildFile; fileRef = 6C3EF5BB2ADCB65A6F16E122 /* ScrollWheelMonitor.swift */; };
		DC16F86BE5A8369B5A568F76 /* MarkdownRendererTests.swift in Sources */ = {isa = PBXBuildFile; fileRef = 5D2561B55CD2801DEE8E3326 /* MarkdownRendererTests.swift */; };
		DCE5831F073A29D3341884FA /* FileTreeView.swift in Sources */ = {isa = PBXBuildFile; fileRef = 104D96E4E1790C3C829BE427 /* FileTreeView.swift */; };
		DD9847A108B13A131E94EBA3 /* CanvasNode.swift in Sources */ = {isa = PBXBuildFile; fileRef = CAC261905BA378E2DFD57D4F /* CanvasNode.swift */; };
		E09D7A6E806674D69FB2C9E8 /* ScrollbackCapture.swift in Sources */ = {isa = PBXBuildFile; fileRef = 0FC27E581FCB3BCD2DDC2909 /* ScrollbackCapture.swift */; };
		E0ADD8A371E2E4DBD936C308 /* PlanCanvasView.swift in Sources */ = {isa = PBXBuildFile; fileRef = 94297E7BF7BEACE24A16608C /* PlanCanvasView.swift */; };
		E14E1B6A81061CDB00DFBD02 /* NewTaskSheet.swift in Sources */ = {isa = PBXBuildFile; fileRef = C08E0CF750B2777728F76B48 /* NewTaskSheet.swift */; };
		E1D8E3F7F0E6ED1A2E02A930 /* FileTreeNode.swift in Sources */ = {isa = PBXBuildFile; fileRef = 59BBA761E47747BAB9488A4B /* FileTreeNode.swift */; };
		E77907DB66F6F98D9F46270F /* TileSelectionManager.swift in Sources */ = {isa = PBXBuildFile; fileRef = E64217C9EFDA0169D85E6BD3 /* TileSelectionManager.swift */; };
		EB4A4870B0D12CBF87A327B5 /* KeyboardShortcuts.swift in Sources */ = {isa = PBXBuildFile; fileRef = A03D062065CF15E980ECF4E6 /* KeyboardShortcuts.swift */; };
		EFAE2854C186D103970455AC /* TmuxSessionManager.swift in Sources */ = {isa = PBXBuildFile; fileRef = E1492F0DCA16FEBCBDFA3D73 /* TmuxSessionManager.swift */; };
		F10C8E019711C0D67B121EA8 /* BranchFlowView.swift in Sources */ = {isa = PBXBuildFile; fileRef = 79AA8AB09FF994DAFFA7D382 /* BranchFlowView.swift */; };
		F760C024C6D8C91D816E759B /* TileType.swift in Sources */ = {isa = PBXBuildFile; fileRef = 1A4E4E243ABDF009BB98AD8D /* TileType.swift */; };
		F843DD275A7276A1294F9524 /* ImageTileView.swift in Sources */ = {isa = PBXBuildFile; fileRef = FD75DF3790A8DDCC1EF44F5A /* ImageTileView.swift */; };
		F87FBD406C4313EB94E58C13 /* CanvasNodeTests.swift in Sources */ = {isa = PBXBuildFile; fileRef = C656A43063C051F8EB3ED2D7 /* CanvasNodeTests.swift */; };
		F91DAF8940F0D4B0F909E8A9 /* WorkspaceState.swift in Sources */ = {isa = PBXBuildFile; fileRef = 6B054982DD13BCE9E13925DB /* WorkspaceState.swift */; };
		FA090C7F8F09D8B03C20FE4F /* AddTileMenu.swift in Sources */ = {isa = PBXBuildFile; fileRef = 1CDF50E67156ED3F76A0BE03 /* AddTileMenu.swift */; };
		EE1234000001EE01 /* TaskArchive.swift in Sources */ = {isa = PBXBuildFile; fileRef = EE1234000001EE02 /* TaskArchive.swift */; };
		EE5678000002EE01 /* TaskArchiveView.swift in Sources */ = {isa = PBXBuildFile; fileRef = EE5678000002EE02 /* TaskArchiveView.swift */; };
		EE9ABC000003EE01 /* TaskArchiveTests.swift in Sources */ = {isa = PBXBuildFile; fileRef = EE9ABC000003EE02 /* TaskArchiveTests.swift */; };
/* End PBXBuildFile section */

/* Begin PBXContainerItemProxy section */
		3209792BAE6A2E1A4A06495B /* PBXContainerItemProxy */ = {
			isa = PBXContainerItemProxy;
			containerPortal = D56FDD81D25CA8B1F7FDA90C /* Project object */;
			proxyType = 1;
			remoteGlobalIDString = 5AA795CBC1C1159DB2C4AF8B;
			remoteInfo = BudahADE;
		};
/* End PBXContainerItemProxy section */

/* Begin PBXFileReference section */
		02F7215162F54C21A417AEB8 /* StickyNoteView.swift */ = {isa = PBXFileReference; lastKnownFileType = sourcecode.swift; path = StickyNoteView.swift; sourceTree = "<group>"; };
		03E2501E367717648395F0DE /* CommitBar.swift */ = {isa = PBXFileReference; lastKnownFileType = sourcecode.swift; path = CommitBar.swift; sourceTree = "<group>"; };
		0492311419C518AA6067392E /* LeftPanelView.swift */ = {isa = PBXFileReference; lastKnownFileType = sourcecode.swift; path = LeftPanelView.swift; sourceTree = "<group>"; };
		05D62643723F38863D180B75 /* Info.plist */ = {isa = PBXFileReference; lastKnownFileType = text.plist; path = Info.plist; sourceTree = "<group>"; };
		097E88C7634C6AEA371FCED8 /* TerminalSurfaceView.swift */ = {isa = PBXFileReference; lastKnownFileType = sourcecode.swift; path = TerminalSurfaceView.swift; sourceTree = "<group>"; };
		0A1BD4E20C8A1B0252942678 /* CodeBlockView.swift */ = {isa = PBXFileReference; lastKnownFileType = sourcecode.swift; path = CodeBlockView.swift; sourceTree = "<group>"; };
		0B13B8012976BD523DA1A788 /* PlanChatView.swift */ = {isa = PBXFileReference; lastKnownFileType = sourcecode.swift; path = PlanChatView.swift; sourceTree = "<group>"; };
		0BDD0301C904BEDDA630C023 /* WorkspaceView.swift */ = {isa = PBXFileReference; lastKnownFileType = sourcecode.swift; path = WorkspaceView.swift; sourceTree = "<group>"; };
		0C773EF983509AF56272E5B5 /* TerminalTileView.swift */ = {isa = PBXFileReference; lastKnownFileType = sourcecode.swift; path = TerminalTileView.swift; sourceTree = "<group>"; };
		0FC27E581FCB3BCD2DDC2909 /* ScrollbackCapture.swift */ = {isa = PBXFileReference; lastKnownFileType = sourcecode.swift; path = ScrollbackCapture.swift; sourceTree = "<group>"; };
		104D96E4E1790C3C829BE427 /* FileTreeView.swift */ = {isa = PBXFileReference; lastKnownFileType = sourcecode.swift; path = FileTreeView.swift; sourceTree = "<group>"; };
		105399D43EF68E510AB152E8 /* ChatMessage.swift */ = {isa = PBXFileReference; lastKnownFileType = sourcecode.swift; path = ChatMessage.swift; sourceTree = "<group>"; };
		156BD706AF06A9267C73A4D0 /* BudahADETests.xctest */ = {isa = PBXFileReference; explicitFileType = wrapper.cfbundle; includeInIndex = 0; path = BudahADETests.xctest; sourceTree = BUILT_PRODUCTS_DIR; };
		17C4399EF786D8069D8BDEF3 /* ProjectPickerView.swift */ = {isa = PBXFileReference; lastKnownFileType = sourcecode.swift; path = ProjectPickerView.swift; sourceTree = "<group>"; };
		18333A031808F62095F1703A /* CanvasPersistence.swift */ = {isa = PBXFileReference; lastKnownFileType = sourcecode.swift; path = CanvasPersistence.swift; sourceTree = "<group>"; };
		1A4E4E243ABDF009BB98AD8D /* TileType.swift */ = {isa = PBXFileReference; lastKnownFileType = sourcecode.swift; path = TileType.swift; sourceTree = "<group>"; };
		1B5511ABE7C96EC4C39A0345 /* GhosttyConfig.swift */ = {isa = PBXFileReference; lastKnownFileType = sourcecode.swift; path = GhosttyConfig.swift; sourceTree = "<group>"; };
		1BC9007B2EB655C83C85950F /* CanvasElementView.swift */ = {isa = PBXFileReference; lastKnownFileType = sourcecode.swift; path = CanvasElementView.swift; sourceTree = "<group>"; };
		1CDF50E67156ED3F76A0BE03 /* AddTileMenu.swift */ = {isa = PBXFileReference; lastKnownFileType = sourcecode.swift; path = AddTileMenu.swift; sourceTree = "<group>"; };
		2248CD251CA957A5BF8EC506 /* AgentRole.swift */ = {isa = PBXFileReference; lastKnownFileType = sourcecode.swift; path = AgentRole.swift; sourceTree = "<group>"; };
		230207878D2083CDEF0BAAE4 /* MarkdownRenderer.swift */ = {isa = PBXFileReference; lastKnownFileType = sourcecode.swift; path = MarkdownRenderer.swift; sourceTree = "<group>"; };
		2319C4BCE08218AE8B0E1790 /* BudahADEApp.swift */ = {isa = PBXFileReference; lastKnownFileType = sourcecode.swift; path = BudahADEApp.swift; sourceTree = "<group>"; };
		29AE47D7CE6C4505EC7C95B4 /* BuildStatusWatcher.swift */ = {isa = PBXFileReference; lastKnownFileType = sourcecode.swift; path = BuildStatusWatcher.swift; sourceTree = "<group>"; };
		29BDC02274A627217646433F /* TaskCompletionSheet.swift */ = {isa = PBXFileReference; lastKnownFileType = sourcecode.swift; path = TaskCompletionSheet.swift; sourceTree = "<group>"; };
		EE1234000001EE02 /* TaskArchive.swift */ = {isa = PBXFileReference; lastKnownFileType = sourcecode.swift; path = TaskArchive.swift; sourceTree = "<group>"; };
		EE5678000002EE02 /* TaskArchiveView.swift */ = {isa = PBXFileReference; lastKnownFileType = sourcecode.swift; path = TaskArchiveView.swift; sourceTree = "<group>"; };
		EE9ABC000003EE02 /* TaskArchiveTests.swift */ = {isa = PBXFileReference; lastKnownFileType = sourcecode.swift; path = TaskArchiveTests.swift; sourceTree = "<group>"; };
		29D58E516EF4D0B568616D6A /* TileConnectionTests.swift */ = {isa = PBXFileReference; lastKnownFileType = sourcecode.swift; path = TileConnectionTests.swift; sourceTree = "<group>"; };
		2A59DA8E22324BFF54BB447C /* BudahADE.app */ = {isa = PBXFileReference; explicitFileType = wrapper.application; includeInIndex = 0; path = BudahADE.app; sourceTree = BUILT_PRODUCTS_DIR; };
		2DF0B28973E633407B8320E0 /* SpecStripView.swift */ = {isa = PBXFileReference; lastKnownFileType = sourcecode.swift; path = SpecStripView.swift; sourceTree = "<group>"; };
		2EE68993A9A1CDF56DA4CD58 /* AppStatePersistence.swift */ = {isa = PBXFileReference; lastKnownFileType = sourcecode.swift; path = AppStatePersistence.swift; sourceTree = "<group>"; };
		3531063D693A5E35F860EC9F /* SpecParserTests.swift */ = {isa = PBXFileReference; lastKnownFileType = sourcecode.swift; path = SpecParserTests.swift; sourceTree = "<group>"; };
		39176766FB786C35333F2C4C /* CLISubprocessManager.swift */ = {isa = PBXFileReference; lastKnownFileType = sourcecode.swift; path = CLISubprocessManager.swift; sourceTree = "<group>"; };
		3CA70F9F879881BC4BECBC75 /* WorkspaceDropdown.swift */ = {isa = PBXFileReference; lastKnownFileType = sourcecode.swift; path = WorkspaceDropdown.swift; sourceTree = "<group>"; };
		3D65695A23854CAF943DA171 /* SendToMenu.swift */ = {isa = PBXFileReference; lastKnownFileType = sourcecode.swift; path = SendToMenu.swift; sourceTree = "<group>"; };
		446F5B715D56B121ACAB6197 /* TextContentView.swift */ = {isa = PBXFileReference; lastKnownFileType = sourcecode.swift; path = TextContentView.swift; sourceTree = "<group>"; };
		44797B9C62EDBFA7C53FC905 /* PlanTabInfo.swift */ = {isa = PBXFileReference; lastKnownFileType = sourcecode.swift; path = PlanTabInfo.swift; sourceTree = "<group>"; };
		88B9D6F4A1C3E501 /* PlanConversationPersistence.swift */ = {isa = PBXFileReference; lastKnownFileType = sourcecode.swift; path = PlanConversationPersistence.swift; sourceTree = "<group>"; };
		AA0001000001AA02 /* SpecVersionManager.swift */ = {isa = PBXFileReference; lastKnownFileType = sourcecode.swift; path = SpecVersionManager.swift; sourceTree = "<group>"; };
		AA0001000002AA02 /* PlanActionButtons.swift */ = {isa = PBXFileReference; lastKnownFileType = sourcecode.swift; path = PlanActionButtons.swift; sourceTree = "<group>"; };
		FF1234567890AB02 /* RoleSelectionModal.swift */ = {isa = PBXFileReference; lastKnownFileType = sourcecode.swift; path = RoleSelectionModal.swift; sourceTree = "<group>"; };
		HH1234567890AB02 /* SlashCommandPopover.swift */ = {isa = PBXFileReference; lastKnownFileType = sourcecode.swift; path = SlashCommandPopover.swift; sourceTree = "<group>"; };
		AA0001000003AA02 /* SpecVersionManagerTests.swift */ = {isa = PBXFileReference; lastKnownFileType = sourcecode.swift; path = SpecVersionManagerTests.swift; sourceTree = "<group>"; };
		4A11B98BC7EFC2C859D464CD /* AppDelegate.swift */ = {isa = PBXFileReference; lastKnownFileType = sourcecode.swift; path = AppDelegate.swift; sourceTree = "<group>"; };
		4BFD18F77F12A05253442BE7 /* BranchPicker.swift */ = {isa = PBXFileReference; lastKnownFileType = sourcecode.swift; path = BranchPicker.swift; sourceTree = "<group>"; };
		4CE1CDC57A91E5BE148DFF76 /* TileChrome.swift */ = {isa = PBXFileReference; lastKnownFileType = sourcecode.swift; path = TileChrome.swift; sourceTree = "<group>"; };
		569312B838ACACD366CC8090 /* SpecState.swift */ = {isa = PBXFileReference; lastKnownFileType = sourcecode.swift; path = SpecState.swift; sourceTree = "<group>"; };
		5759D771BB98273BB6BD7A50 /* TaskRailView.swift */ = {isa = PBXFileReference; lastKnownFileType = sourcecode.swift; path = TaskRailView.swift; sourceTree = "<group>"; };
		59BBA761E47747BAB9488A4B /* FileTreeNode.swift */ = {isa = PBXFileReference; lastKnownFileType = sourcecode.swift; path = FileTreeNode.swift; sourceTree = "<group>"; };
		5B3EA44C1B07BAA3CA4FF10C /* SpecPanelView.swift */ = {isa = PBXFileReference; lastKnownFileType = sourcecode.swift; path = SpecPanelView.swift; sourceTree = "<group>"; };
		5B705CFF356264227986EFC3 /* GitPanelView.swift */ = {isa = PBXFileReference; lastKnownFileType = sourcecode.swift; path = GitPanelView.swift; sourceTree = "<group>"; };
		5D2561B55CD2801DEE8E3326 /* MarkdownRendererTests.swift */ = {isa = PBXFileReference; lastKnownFileType = sourcecode.swift; path = MarkdownRendererTests.swift; sourceTree = "<group>"; };
		5F15487E095AC64498BF5BC2 /* FilePreviewView.swift */ = {isa = PBXFileReference; lastKnownFileType = sourcecode.swift; path = FilePreviewView.swift; sourceTree = "<group>"; };
		613162E19DB48FF4A5FD876D /* MarkdownSectionParserTests.swift */ = {isa = PBXFileReference; lastKnownFileType = sourcecode.swift; path = MarkdownSectionParserTests.swift; sourceTree = "<group>"; };
		615B01DDEEA918B56797FD82 /* ConnectionSummaryTests.swift */ = {isa = PBXFileReference; lastKnownFileType = sourcecode.swift; path = ConnectionSummaryTests.swift; sourceTree = "<group>"; };
		61B153B3AFB50B54D43767B7 /* ConnectionSummaryManager.swift */ = {isa = PBXFileReference; lastKnownFileType = sourcecode.swift; path = ConnectionSummaryManager.swift; sourceTree = "<group>"; };
		62AD068CF25E28A75B6B32B3 /* AgentPrompts.swift */ = {isa = PBXFileReference; lastKnownFileType = sourcecode.swift; path = AgentPrompts.swift; sourceTree = "<group>"; };
		6793A0F29FC48F428D7551AC /* BuildStatusState.swift */ = {isa = PBXFileReference; lastKnownFileType = sourcecode.swift; path = BuildStatusState.swift; sourceTree = "<group>"; };
		67E84F097063033949D58E23 /* TileResizeHandler.swift */ = {isa = PBXFileReference; lastKnownFileType = sourcecode.swift; path = TileResizeHandler.swift; sourceTree = "<group>"; };
		6A9039793C6574B3B379213C /* ConnectionsLayer.swift */ = {isa = PBXFileReference; lastKnownFileType = sourcecode.swift; path = ConnectionsLayer.swift; sourceTree = "<group>"; };
		6AADB4AFB9B9B911D3DBBAA3 /* ChatTileResizeOverlay.swift */ = {isa = PBXFileReference; lastKnownFileType = sourcecode.swift; path = ChatTileResizeOverlay.swift; sourceTree = "<group>"; };
		6AC53836528164F5A7A3B028 /* SpecWatcher.swift */ = {isa = PBXFileReference; lastKnownFileType = sourcecode.swift; path = SpecWatcher.swift; sourceTree = "<group>"; };
		6B054982DD13BCE9E13925DB /* WorkspaceState.swift */ = {isa = PBXFileReference; lastKnownFileType = sourcecode.swift; path = WorkspaceState.swift; sourceTree = "<group>"; };
		6C3EF5BB2ADCB65A6F16E122 /* ScrollWheelMonitor.swift */ = {isa = PBXFileReference; lastKnownFileType = sourcecode.swift; path = ScrollWheelMonitor.swift; sourceTree = "<group>"; };
		6C8A90151E35F3275E7949A5 /* CLISubprocessManagerTests.swift */ = {isa = PBXFileReference; lastKnownFileType = sourcecode.swift; path = CLISubprocessManagerTests.swift; sourceTree = "<group>"; };
		767DE60DA0CF895A8BD7606E /* AgentStatusView.swift */ = {isa = PBXFileReference; lastKnownFileType = sourcecode.swift; path = AgentStatusView.swift; sourceTree = "<group>"; };
		77ACC2BDED3933B1A22B5B3A /* SpecParser.swift */ = {isa = PBXFileReference; lastKnownFileType = sourcecode.swift; path = SpecParser.swift; sourceTree = "<group>"; };
		79AA8AB09FF994DAFFA7D382 /* BranchFlowView.swift */ = {isa = PBXFileReference; lastKnownFileType = sourcecode.swift; path = BranchFlowView.swift; sourceTree = "<group>"; };
		7ADFDFA12D1625FC99C09356 /* SyntaxHighlighterTests.swift */ = {isa = PBXFileReference; lastKnownFileType = sourcecode.swift; path = SyntaxHighlighterTests.swift; sourceTree = "<group>"; };
		7B94B1A39F46BEB5453BDD49 /* TerminalPanelView.swift */ = {isa = PBXFileReference; lastKnownFileType = sourcecode.swift; path = TerminalPanelView.swift; sourceTree = "<group>"; };
		7E24733C9F4438073B78354E /* SessionPersistence.swift */ = {isa = PBXFileReference; lastKnownFileType = sourcecode.swift; path = SessionPersistence.swift; sourceTree = "<group>"; };
		802CA2FC66F91ECCC5393BCD /* MarkdownTableView.swift */ = {isa = PBXFileReference; lastKnownFileType = sourcecode.swift; path = MarkdownTableView.swift; sourceTree = "<group>"; };
		86C8F8EFE9D0875190D83149 /* ContextManifest.swift */ = {isa = PBXFileReference; lastKnownFileType = sourcecode.swift; path = ContextManifest.swift; sourceTree = "<group>"; };
		875EEB2C511F4F2AF8730381 /* PaneLayout.swift */ = {isa = PBXFileReference; lastKnownFileType = sourcecode.swift; path = PaneLayout.swift; sourceTree = "<group>"; };
		889ADE1D08FC1BD0EF48D255 /* AgentsPanel.swift */ = {isa = PBXFileReference; lastKnownFileType = sourcecode.swift; path = AgentsPanel.swift; sourceTree = "<group>"; };
		8A658A83DDCAA7B7F63B1827 /* GitWorktreeManager.swift */ = {isa = PBXFileReference; lastKnownFileType = sourcecode.swift; path = GitWorktreeManager.swift; sourceTree = "<group>"; };
		8D81BC97619FB88DB6761DE6 /* CanvasPersistenceTests.swift */ = {isa = PBXFileReference; lastKnownFileType = sourcecode.swift; path = CanvasPersistenceTests.swift; sourceTree = "<group>"; };
		94297E7BF7BEACE24A16608C /* PlanCanvasView.swift */ = {isa = PBXFileReference; lastKnownFileType = sourcecode.swift; path = PlanCanvasView.swift; sourceTree = "<group>"; };
		96B70FCB3FE6B21E44E638F8 /* GitRepository.swift */ = {isa = PBXFileReference; lastKnownFileType = sourcecode.swift; path = GitRepository.swift; sourceTree = "<group>"; };
		9AFE20EF00412F2273406065 /* TaskState.swift */ = {isa = PBXFileReference; lastKnownFileType = sourcecode.swift; path = TaskState.swift; sourceTree = "<group>"; };
		A03D062065CF15E980ECF4E6 /* KeyboardShortcuts.swift */ = {isa = PBXFileReference; lastKnownFileType = sourcecode.swift; path = KeyboardShortcuts.swift; sourceTree = "<group>"; };
		A15152D97797575AFCCB3885 /* TerminalPanel.swift */ = {isa = PBXFileReference; lastKnownFileType = sourcecode.swift; path = TerminalPanel.swift; sourceTree = "<group>"; };
		A2B298CF533118ED5109DDB4 /* SessionPersistenceTests.swift */ = {isa = PBXFileReference; lastKnownFileType = sourcecode.swift; path = SessionPersistenceTests.swift; sourceTree = "<group>"; };
		ABA968AA725D35E4FBC7C386 /* TerminalSurface.swift */ = {isa = PBXFileReference; lastKnownFileType = sourcecode.swift; path = TerminalSurface.swift; sourceTree = "<group>"; };
		AC6BAB7A597B9483594284F5 /* Theme.swift */ = {isa = PBXFileReference; lastKnownFileType = sourcecode.swift; path = Theme.swift; sourceTree = "<group>"; };
		AE3EEC5156CC17A25522CEA8 /* TerminalTabBar.swift */ = {isa = PBXFileReference; lastKnownFileType = sourcecode.swift; path = TerminalTabBar.swift; sourceTree = "<group>"; };
		B1E6ED0BAACC416126E2434F /* MermaidRenderer.swift */ = {isa = PBXFileReference; lastKnownFileType = sourcecode.swift; path = MermaidRenderer.swift; sourceTree = "<group>"; };
		B61D4472171350423C16C30A /* SpecAssembler.swift */ = {isa = PBXFileReference; lastKnownFileType = sourcecode.swift; path = SpecAssembler.swift; sourceTree = "<group>"; };
		B69971DA73882AEBFEEFC20D /* ProjectStore.swift */ = {isa = PBXFileReference; lastKnownFileType = sourcecode.swift; path = ProjectStore.swift; sourceTree = "<group>"; };
		B6A5F5D954773878CEA5C72A /* MarkdownTileView.swift */ = {isa = PBXFileReference; lastKnownFileType = sourcecode.swift; path = MarkdownTileView.swift; sourceTree = "<group>"; };
		B6FB2BB32C6E95B421F9188B /* AgentSessionTests.swift */ = {isa = PBXFileReference; lastKnownFileType = sourcecode.swift; path = AgentSessionTests.swift; sourceTree = "<group>"; };
		77A8E9F5B3C4D601 /* PlanConversationPersistenceTests.swift */ = {isa = PBXFileReference; lastKnownFileType = sourcecode.swift; path = PlanConversationPersistenceTests.swift; sourceTree = "<group>"; };
		CC1234567890AB02 /* CrossTabContextTests.swift */ = {isa = PBXFileReference; lastKnownFileType = sourcecode.swift; path = CrossTabContextTests.swift; sourceTree = "<group>"; };
		DD1234567890AB02 /* PlanBuildBridgeTests.swift */ = {isa = PBXFileReference; lastKnownFileType = sourcecode.swift; path = PlanBuildBridgeTests.swift; sourceTree = "<group>"; };
		BA31CD9CFC2F1AF11FB20450 /* DiffView.swift */ = {isa = PBXFileReference; lastKnownFileType = sourcecode.swift; path = DiffView.swift; sourceTree = "<group>"; };
		BA8669BBD4F4B2DF69CF04EF /* ChatMessageTests.swift */ = {isa = PBXFileReference; lastKnownFileType = sourcecode.swift; path = ChatMessageTests.swift; sourceTree = "<group>"; };
		BC80EF0396CDF90170BCA53D /* TileDragHandler.swift */ = {isa = PBXFileReference; lastKnownFileType = sourcecode.swift; path = TileDragHandler.swift; sourceTree = "<group>"; };
		C05C0A1DA7AFEBBF944037FE /* PlanChatState.swift */ = {isa = PBXFileReference; lastKnownFileType = sourcecode.swift; path = PlanChatState.swift; sourceTree = "<group>"; };
		C08E0CF750B2777728F76B48 /* NewTaskSheet.swift */ = {isa = PBXFileReference; lastKnownFileType = sourcecode.swift; path = NewTaskSheet.swift; sourceTree = "<group>"; };
		C491CAA31843BB6BB3F78EAB /* SyntaxHighlighter.swift */ = {isa = PBXFileReference; lastKnownFileType = sourcecode.swift; path = SyntaxHighlighter.swift; sourceTree = "<group>"; };
		C656A43063C051F8EB3ED2D7 /* CanvasNodeTests.swift */ = {isa = PBXFileReference; lastKnownFileType = sourcecode.swift; path = CanvasNodeTests.swift; sourceTree = "<group>"; };
		C6B3E11D3A9FF310934B5569 /* EditableMarkdownRenderer.swift */ = {isa = PBXFileReference; lastKnownFileType = sourcecode.swift; path = EditableMarkdownRenderer.swift; sourceTree = "<group>"; };
		CAC261905BA378E2DFD57D4F /* CanvasNode.swift */ = {isa = PBXFileReference; lastKnownFileType = sourcecode.swift; path = CanvasNode.swift; sourceTree = "<group>"; };
		CAD8144AB5B9FEA46F501828 /* PlanCanvasState.swift */ = {isa = PBXFileReference; lastKnownFileType = sourcecode.swift; path = PlanCanvasState.swift; sourceTree = "<group>"; };
		CDDE6DF907D1800819FC9F49 /* FileWatcher.swift */ = {isa = PBXFileReference; lastKnownFileType = sourcecode.swift; path = FileWatcher.swift; sourceTree = "<group>"; };
		D8A1D43F4D8C488C552F26E4 /* TileConnection.swift */ = {isa = PBXFileReference; lastKnownFileType = sourcecode.swift; path = TileConnection.swift; sourceTree = "<group>"; };
		DD34AFA74441FB323B2CD6F9 /* ActivityFeedView.swift */ = {isa = PBXFileReference; lastKnownFileType = sourcecode.swift; path = ActivityFeedView.swift; sourceTree = "<group>"; };
		E0BB662F1E68870408AB79C0 /* StagingView.swift */ = {isa = PBXFileReference; lastKnownFileType = sourcecode.swift; path = StagingView.swift; sourceTree = "<group>"; };
		E1492F0DCA16FEBCBDFA3D73 /* TmuxSessionManager.swift */ = {isa = PBXFileReference; lastKnownFileType = sourcecode.swift; path = TmuxSessionManager.swift; sourceTree = "<group>"; };
		E1AD75E3820536BF544B2378 /* FrameContainerView.swift */ = {isa = PBXFileReference; lastKnownFileType = sourcecode.swift; path = FrameContainerView.swift; sourceTree = "<group>"; };
		E1DF69F7E258333429E8776A /* BrowserTileView.swift */ = {isa = PBXFileReference; lastKnownFileType = sourcecode.swift; path = BrowserTileView.swift; sourceTree = "<group>"; };
		E23D256BEFB8D9BE4995FB2F /* InlineNodesView.swift */ = {isa = PBXFileReference; lastKnownFileType = sourcecode.swift; path = InlineNodesView.swift; sourceTree = "<group>"; };
		E484D66678820F7CAC8411B7 /* GitSidebarView.swift */ = {isa = PBXFileReference; lastKnownFileType = sourcecode.swift; path = GitSidebarView.swift; sourceTree = "<group>"; };
		E64217C9EFDA0169D85E6BD3 /* TileSelectionManager.swift */ = {isa = PBXFileReference; lastKnownFileType = sourcecode.swift; path = TileSelectionManager.swift; sourceTree = "<group>"; };
		FB4701DD02EBF21C6E4814EE /* AgentSession.swift */ = {isa = PBXFileReference; lastKnownFileType = sourcecode.swift; path = AgentSession.swift; sourceTree = "<group>"; };
		GG1234567890AB02 /* AgentMode.swift */ = {isa = PBXFileReference; lastKnownFileType = sourcecode.swift; path = AgentMode.swift; sourceTree = "<group>"; };
		FC8076CAE8B058A6546DFC05 /* SmartGuides.swift */ = {isa = PBXFileReference; lastKnownFileType = sourcecode.swift; path = SmartGuides.swift; sourceTree = "<group>"; };
		FD395B8B091F42A4F27AF847 /* ChatTileView.swift */ = {isa = PBXFileReference; lastKnownFileType = sourcecode.swift; path = ChatTileView.swift; sourceTree = "<group>"; };
		FD6E9C66553BA0289C0B3306 /* GhosttyAppManager.swift */ = {isa = PBXFileReference; lastKnownFileType = sourcecode.swift; path = GhosttyAppManager.swift; sourceTree = "<group>"; };
		FD75DF3790A8DDCC1EF44F5A /* ImageTileView.swift */ = {isa = PBXFileReference; lastKnownFileType = sourcecode.swift; path = ImageTileView.swift; sourceTree = "<group>"; };
		FE4F0D74F215CD570C46CDF7 /* RestoredTerminalView.swift */ = {isa = PBXFileReference; lastKnownFileType = sourcecode.swift; path = RestoredTerminalView.swift; sourceTree = "<group>"; };
		FF2963B910167F6F17F353CD /* PlanTabBar.swift */ = {isa = PBXFileReference; lastKnownFileType = sourcecode.swift; path = PlanTabBar.swift; sourceTree = "<group>"; };
/* End PBXFileReference section */

/* Begin PBXFrameworksBuildPhase section */
		C4C9663CA6BDE6518F7DDD81 /* Frameworks */ = {
			isa = PBXFrameworksBuildPhase;
			buildActionMask = 2147483647;
			files = (
				7FCB3A9D6082419F454CE61D /* Markdown in Frameworks */,
			);
			runOnlyForDeploymentPostprocessing = 0;
		};
/* End PBXFrameworksBuildPhase section */

/* Begin PBXGroup section */
		03D055268BEE00F37E294464 /* Spec */ = {
			isa = PBXGroup;
			children = (
				B61D4472171350423C16C30A /* SpecAssembler.swift */,
				5B3EA44C1B07BAA3CA4FF10C /* SpecPanelView.swift */,
				77ACC2BDED3933B1A22B5B3A /* SpecParser.swift */,
				569312B838ACACD366CC8090 /* SpecState.swift */,
				2DF0B28973E633407B8320E0 /* SpecStripView.swift */,
				6AC53836528164F5A7A3B028 /* SpecWatcher.swift */,
			);
			path = Spec;
			sourceTree = "<group>";
		};
		0C5BF4053C52D9AFBDC72641 /* FileTree */ = {
			isa = PBXGroup;
			children = (
				5F15487E095AC64498BF5BC2 /* FilePreviewView.swift */,
				59BBA761E47747BAB9488A4B /* FileTreeNode.swift */,
				104D96E4E1790C3C829BE427 /* FileTreeView.swift */,
				CDDE6DF907D1800819FC9F49 /* FileWatcher.swift */,
			);
			path = FileTree;
			sourceTree = "<group>";
		};
		0E59370B0063B24FE5D6F67F /* Terminal */ = {
			isa = PBXGroup;
			children = (
				FD6E9C66553BA0289C0B3306 /* GhosttyAppManager.swift */,
				1B5511ABE7C96EC4C39A0345 /* GhosttyConfig.swift */,
				FE4F0D74F215CD570C46CDF7 /* RestoredTerminalView.swift */,
				0FC27E581FCB3BCD2DDC2909 /* ScrollbackCapture.swift */,
				7E24733C9F4438073B78354E /* SessionPersistence.swift */,
				A15152D97797575AFCCB3885 /* TerminalPanel.swift */,
				7B94B1A39F46BEB5453BDD49 /* TerminalPanelView.swift */,
				ABA968AA725D35E4FBC7C386 /* TerminalSurface.swift */,
				097E88C7634C6AEA371FCED8 /* TerminalSurfaceView.swift */,
				AE3EEC5156CC17A25522CEA8 /* TerminalTabBar.swift */,
				E1492F0DCA16FEBCBDFA3D73 /* TmuxSessionManager.swift */,
			);
			path = Terminal;
			sourceTree = "<group>";
		};
		320506BC4593ADBFBD0B9817 /* Plan */ = {
			isa = PBXGroup;
			children = (
				DD34AFA74441FB323B2CD6F9 /* ActivityFeedView.swift */,
				1CDF50E67156ED3F76A0BE03 /* AddTileMenu.swift */,
				62AD068CF25E28A75B6B32B3 /* AgentPrompts.swift */,
				1BC9007B2EB655C83C85950F /* CanvasElementView.swift */,
				CAC261905BA378E2DFD57D4F /* CanvasNode.swift */,
				18333A031808F62095F1703A /* CanvasPersistence.swift */,
				6AADB4AFB9B9B911D3DBBAA3 /* ChatTileResizeOverlay.swift */,
				6A9039793C6574B3B379213C /* ConnectionsLayer.swift */,
				61B153B3AFB50B54D43767B7 /* ConnectionSummaryManager.swift */,
				86C8F8EFE9D0875190D83149 /* ContextManifest.swift */,
				E1AD75E3820536BF544B2378 /* FrameContainerView.swift */,
				CAD8144AB5B9FEA46F501828 /* PlanCanvasState.swift */,
				94297E7BF7BEACE24A16608C /* PlanCanvasView.swift */,
				C05C0A1DA7AFEBBF944037FE /* PlanChatState.swift */,
				88B9D6F4A1C3E501 /* PlanConversationPersistence.swift */,
				0B13B8012976BD523DA1A788 /* PlanChatView.swift */,
				FF2963B910167F6F17F353CD /* PlanTabBar.swift */,
				44797B9C62EDBFA7C53FC905 /* PlanTabInfo.swift */,
				AA0001000002AA02 /* PlanActionButtons.swift */,
				FF1234567890AB02 /* RoleSelectionModal.swift */,
				HH1234567890AB02 /* SlashCommandPopover.swift */,
				AA0001000001AA02 /* SpecVersionManager.swift */,
				6C3EF5BB2ADCB65A6F16E122 /* ScrollWheelMonitor.swift */,
				FC8076CAE8B058A6546DFC05 /* SmartGuides.swift */,
				D8A1D43F4D8C488C552F26E4 /* TileConnection.swift */,
				BC80EF0396CDF90170BCA53D /* TileDragHandler.swift */,
				67E84F097063033949D58E23 /* TileResizeHandler.swift */,
				E64217C9EFDA0169D85E6BD3 /* TileSelectionManager.swift */,
				1A4E4E243ABDF009BB98AD8D /* TileType.swift */,
				53D24D0CB7E4A35AE6DD69B3 /* Markdown */,
				8142219624FE3CA6973C5D13 /* TileViews */,
			);
			path = Plan;
			sourceTree = "<group>";
		};
		3B8AD3E2C1A5E13CE0FC58D3 /* ProjectPicker */ = {
			isa = PBXGroup;
			children = (
				17C4399EF786D8069D8BDEF3 /* ProjectPickerView.swift */,
				B69971DA73882AEBFEEFC20D /* ProjectStore.swift */,
			);
			path = ProjectPicker;
			sourceTree = "<group>";
		};
		48861AC41D7638D9CD762F7F /* BudahADE */ = {
			isa = PBXGroup;
			children = (
				05D62643723F38863D180B75 /* Info.plist */,
				6D6D1460CA0D9A5D7707B1BF /* Agent */,
				E8E5D1300C56FE92CCBFEFAC /* App */,
				0C5BF4053C52D9AFBDC72641 /* FileTree */,
				848F1E30DE3DA85ED0FE9D31 /* GitPanel */,
				320506BC4593ADBFBD0B9817 /* Plan */,
				3B8AD3E2C1A5E13CE0FC58D3 /* ProjectPicker */,
				B41BC2537EB0E2BA710AD4D6 /* Shared */,
				03D055268BEE00F37E294464 /* Spec */,
				FC2E59EAD66DC31D809B0A9B /* Task */,
				0E59370B0063B24FE5D6F67F /* Terminal */,
				8C74E17EB9C2654E7B00D312 /* Workspace */,
			);
			path = BudahADE;
			sourceTree = "<group>";
		};
		4E9A905DE0C41224228719C4 /* BudahADETests */ = {
			isa = PBXGroup;
			children = (
				EE9ABC000003EE02 /* TaskArchiveTests.swift */,
				B6FB2BB32C6E95B421F9188B /* AgentSessionTests.swift */,
				77A8E9F5B3C4D601 /* PlanConversationPersistenceTests.swift */,
				CC1234567890AB02 /* CrossTabContextTests.swift */,
				DD1234567890AB02 /* PlanBuildBridgeTests.swift */,
				AA0001000003AA02 /* SpecVersionManagerTests.swift */,
				C656A43063C051F8EB3ED2D7 /* CanvasNodeTests.swift */,
				8D81BC97619FB88DB6761DE6 /* CanvasPersistenceTests.swift */,
				BA8669BBD4F4B2DF69CF04EF /* ChatMessageTests.swift */,
				6C8A90151E35F3275E7949A5 /* CLISubprocessManagerTests.swift */,
				615B01DDEEA918B56797FD82 /* ConnectionSummaryTests.swift */,
				5D2561B55CD2801DEE8E3326 /* MarkdownRendererTests.swift */,
				613162E19DB48FF4A5FD876D /* MarkdownSectionParserTests.swift */,
				A2B298CF533118ED5109DDB4 /* SessionPersistenceTests.swift */,
				3531063D693A5E35F860EC9F /* SpecParserTests.swift */,
				7ADFDFA12D1625FC99C09356 /* SyntaxHighlighterTests.swift */,
				29D58E516EF4D0B568616D6A /* TileConnectionTests.swift */,
			);
			path = BudahADETests;
			sourceTree = "<group>";
		};
		504C71F2338789656EE91EB2 = {
			isa = PBXGroup;
			children = (
				48861AC41D7638D9CD762F7F /* BudahADE */,
				4E9A905DE0C41224228719C4 /* BudahADETests */,
				9CD0DA9E2298F2C80E0E493F /* Products */,
			);
			sourceTree = "<group>";
		};
		53D24D0CB7E4A35AE6DD69B3 /* Markdown */ = {
			isa = PBXGroup;
			children = (
				0A1BD4E20C8A1B0252942678 /* CodeBlockView.swift */,
				C6B3E11D3A9FF310934B5569 /* EditableMarkdownRenderer.swift */,
				E23D256BEFB8D9BE4995FB2F /* InlineNodesView.swift */,
				230207878D2083CDEF0BAAE4 /* MarkdownRenderer.swift */,
				802CA2FC66F91ECCC5393BCD /* MarkdownTableView.swift */,
				C491CAA31843BB6BB3F78EAB /* SyntaxHighlighter.swift */,
			);
			path = Markdown;
			sourceTree = "<group>";
		};
		6D6D1460CA0D9A5D7707B1BF /* Agent */ = {
			isa = PBXGroup;
			children = (
				GG1234567890AB02 /* AgentMode.swift */,
				2248CD251CA957A5BF8EC506 /* AgentRole.swift */,
				FB4701DD02EBF21C6E4814EE /* AgentSession.swift */,
				105399D43EF68E510AB152E8 /* ChatMessage.swift */,
				39176766FB786C35333F2C4C /* CLISubprocessManager.swift */,
			);
			path = Agent;
			sourceTree = "<group>";
		};
		8142219624FE3CA6973C5D13 /* TileViews */ = {
			isa = PBXGroup;
			children = (
				E1DF69F7E258333429E8776A /* BrowserTileView.swift */,
				FD395B8B091F42A4F27AF847 /* ChatTileView.swift */,
				FD75DF3790A8DDCC1EF44F5A /* ImageTileView.swift */,
				B6A5F5D954773878CEA5C72A /* MarkdownTileView.swift */,
				B1E6ED0BAACC416126E2434F /* MermaidRenderer.swift */,
				3D65695A23854CAF943DA171 /* SendToMenu.swift */,
				02F7215162F54C21A417AEB8 /* StickyNoteView.swift */,
				0C773EF983509AF56272E5B5 /* TerminalTileView.swift */,
				446F5B715D56B121ACAB6197 /* TextContentView.swift */,
				4CE1CDC57A91E5BE148DFF76 /* TileChrome.swift */,
			);
			path = TileViews;
			sourceTree = "<group>";
		};
		848F1E30DE3DA85ED0FE9D31 /* GitPanel */ = {
			isa = PBXGroup;
			children = (
				79AA8AB09FF994DAFFA7D382 /* BranchFlowView.swift */,
				4BFD18F77F12A05253442BE7 /* BranchPicker.swift */,
				03E2501E367717648395F0DE /* CommitBar.swift */,
				BA31CD9CFC2F1AF11FB20450 /* DiffView.swift */,
				5B705CFF356264227986EFC3 /* GitPanelView.swift */,
				96B70FCB3FE6B21E44E638F8 /* GitRepository.swift */,
				E484D66678820F7CAC8411B7 /* GitSidebarView.swift */,
				E0BB662F1E68870408AB79C0 /* StagingView.swift */,
			);
			path = GitPanel;
			sourceTree = "<group>";
		};
		8C74E17EB9C2654E7B00D312 /* Workspace */ = {
			isa = PBXGroup;
			children = (
				889ADE1D08FC1BD0EF48D255 /* AgentsPanel.swift */,
				0492311419C518AA6067392E /* LeftPanelView.swift */,
				875EEB2C511F4F2AF8730381 /* PaneLayout.swift */,
				3CA70F9F879881BC4BECBC75 /* WorkspaceDropdown.swift */,
				6B054982DD13BCE9E13925DB /* WorkspaceState.swift */,
				0BDD0301C904BEDDA630C023 /* WorkspaceView.swift */,
			);
			path = Workspace;
			sourceTree = "<group>";
		};
		9CD0DA9E2298F2C80E0E493F /* Products */ = {
			isa = PBXGroup;
			children = (
				2A59DA8E22324BFF54BB447C /* BudahADE.app */,
				156BD706AF06A9267C73A4D0 /* BudahADETests.xctest */,
			);
			name = Products;
			sourceTree = "<group>";
		};
		B41BC2537EB0E2BA710AD4D6 /* Shared */ = {
			isa = PBXGroup;
			children = (
				767DE60DA0CF895A8BD7606E /* AgentStatusView.swift */,
				A03D062065CF15E980ECF4E6 /* KeyboardShortcuts.swift */,
				AC6BAB7A597B9483594284F5 /* Theme.swift */,
			);
			path = Shared;
			sourceTree = "<group>";
		};
		E8E5D1300C56FE92CCBFEFAC /* App */ = {
			isa = PBXGroup;
			children = (
				4A11B98BC7EFC2C859D464CD /* AppDelegate.swift */,
				2EE68993A9A1CDF56DA4CD58 /* AppStatePersistence.swift */,
				2319C4BCE08218AE8B0E1790 /* BudahADEApp.swift */,
			);
			path = App;
			sourceTree = "<group>";
		};
		FC2E59EAD66DC31D809B0A9B /* Task */ = {
			isa = PBXGroup;
			children = (
				6793A0F29FC48F428D7551AC /* BuildStatusState.swift */,
				29AE47D7CE6C4505EC7C95B4 /* BuildStatusWatcher.swift */,
				8A658A83DDCAA7B7F63B1827 /* GitWorktreeManager.swift */,
				C08E0CF750B2777728F76B48 /* NewTaskSheet.swift */,
				EE1234000001EE02 /* TaskArchive.swift */,
				EE5678000002EE02 /* TaskArchiveView.swift */,
				29BDC02274A627217646433F /* TaskCompletionSheet.swift */,
				5759D771BB98273BB6BD7A50 /* TaskRailView.swift */,
				9AFE20EF00412F2273406065 /* TaskState.swift */,
			);
			path = Task;
			sourceTree = "<group>";
		};
/* End PBXGroup section */

/* Begin PBXNativeTarget section */
		5AA795CBC1C1159DB2C4AF8B /* BudahADE */ = {
			isa = PBXNativeTarget;
			buildConfigurationList = 4E442BC8DD4CF31AD5D5F3B7 /* Build configuration list for PBXNativeTarget "BudahADE" */;
			buildPhases = (
				F391FD088E6BE80FB9179639 /* Sources */,
				C4C9663CA6BDE6518F7DDD81 /* Frameworks */,
			);
			buildRules = (
			);
			dependencies = (
			);
			name = BudahADE;
			packageProductDependencies = (
				E66CC99F9D66B16269939F80 /* Markdown */,
			);
			productName = BudahADE;
			productReference = 2A59DA8E22324BFF54BB447C /* BudahADE.app */;
			productType = "com.apple.product-type.application";
		};
		752B2B8C7285D24B58C354D8 /* BudahADETests */ = {
			isa = PBXNativeTarget;
			buildConfigurationList = 10293072C0E46460AB78B656 /* Build configuration list for PBXNativeTarget "BudahADETests" */;
			buildPhases = (
				761755E5211C595DD920477C /* Sources */,
			);
			buildRules = (
			);
			dependencies = (
				BA9985D6ED7B9E5ED35DF73C /* PBXTargetDependency */,
			);
			name = BudahADETests;
			packageProductDependencies = (
			);
			productName = BudahADETests;
			productReference = 156BD706AF06A9267C73A4D0 /* BudahADETests.xctest */;
			productType = "com.apple.product-type.bundle.unit-test";
		};
/* End PBXNativeTarget section */

/* Begin PBXProject section */
		D56FDD81D25CA8B1F7FDA90C /* Project object */ = {
			isa = PBXProject;
			attributes = {
				BuildIndependentTargetsInParallel = YES;
				LastUpgradeCheck = 1600;
				TargetAttributes = {
					5AA795CBC1C1159DB2C4AF8B = {
						ProvisioningStyle = Automatic;
					};
				};
			};
			buildConfigurationList = F66CB67C8A13838DF5DE1096 /* Build configuration list for PBXProject "BudahADE" */;
			developmentRegion = en;
			hasScannedForEncodings = 0;
			knownRegions = (
				Base,
				en,
			);
			mainGroup = 504C71F2338789656EE91EB2;
			minimizedProjectReferenceProxies = 1;
			packageReferences = (
				5F2B515BC8FD589F6330375F /* XCRemoteSwiftPackageReference "swift-markdown" */,
			);
			preferredProjectObjectVersion = 77;
			productRefGroup = 9CD0DA9E2298F2C80E0E493F /* Products */;
			projectDirPath = "";
			projectRoot = "";
			targets = (
				5AA795CBC1C1159DB2C4AF8B /* BudahADE */,
				752B2B8C7285D24B58C354D8 /* BudahADETests */,
			);
		};
/* End PBXProject section */

/* Begin PBXSourcesBuildPhase section */
		761755E5211C595DD920477C /* Sources */ = {
			isa = PBXSourcesBuildPhase;
			buildActionMask = 2147483647;
			files = (
				EE9ABC000003EE01 /* TaskArchiveTests.swift in Sources */,
				CDE93063FC592FAD18D8C0D3 /* AgentSessionTests.swift in Sources */,
				88B9F0A6C4D5E702 /* PlanConversationPersistenceTests.swift in Sources */,
				CC1234567890AB01 /* CrossTabContextTests.swift in Sources */,
				DD1234567890AB01 /* PlanBuildBridgeTests.swift in Sources */,
				AA0001000003AA01 /* SpecVersionManagerTests.swift in Sources */,
				C4C0789CCE1F66D2B9CE825C /* CLISubprocessManagerTests.swift in Sources */,
				F87FBD406C4313EB94E58C13 /* CanvasNodeTests.swift in Sources */,
				9451ECD75854EDB839C75613 /* CanvasPersistenceTests.swift in Sources */,
				A78DD2A4F1C1A557B0C920C3 /* ChatMessageTests.swift in Sources */,
				04BD58D1B40CBE60D9C07B39 /* ConnectionSummaryTests.swift in Sources */,
				DC16F86BE5A8369B5A568F76 /* MarkdownRendererTests.swift in Sources */,
				A43CBAF9F2B8645909DB5BAE /* MarkdownSectionParserTests.swift in Sources */,
				BFD0853E7FEB2689A97101F0 /* SessionPersistenceTests.swift in Sources */,
				1140BEA9925BEBB8FE627A1D /* SpecParserTests.swift in Sources */,
				73FFD4BA6907AE25C996A5C1 /* SyntaxHighlighterTests.swift in Sources */,
				6CB10210AC1391325E23684D /* TileConnectionTests.swift in Sources */,
			);
			runOnlyForDeploymentPostprocessing = 0;
		};
		F391FD088E6BE80FB9179639 /* Sources */ = {
			isa = PBXSourcesBuildPhase;
			buildActionMask = 2147483647;
			files = (
				4785E3EA50862FC7F50DF21C /* ActivityFeedView.swift in Sources */,
				FA090C7F8F09D8B03C20FE4F /* AddTileMenu.swift in Sources */,
				2938C456FFF461F3E288470C /* AgentPrompts.swift in Sources */,
				GG1234567890AB01 /* AgentMode.swift in Sources */,
				8D755546EB10A32DB66C6D7D /* AgentRole.swift in Sources */,
				CDADF807D968D1569DE81E02 /* AgentSession.swift in Sources */,
				C6E6CD27B61BBF2CD2DF6B50 /* AgentStatusView.swift in Sources */,
				AD9AAC5CD5D8BDAAB0ACFB9A /* AgentsPanel.swift in Sources */,
				7A7D73AC2FC90BC7632D63AF /* AppDelegate.swift in Sources */,
				713F6D21172B0C10DCB5344D /* AppStatePersistence.swift in Sources */,
				F10C8E019711C0D67B121EA8 /* BranchFlowView.swift in Sources */,
				943AE62532082E736CADB572 /* BranchPicker.swift in Sources */,
				413C4EEA79F17A69DA0D4310 /* BrowserTileView.swift in Sources */,
				8CBCE6DA9FACE7B63B9E0B0A /* BudahADEApp.swift in Sources */,
				43D022ED6150174EFAFC7842 /* BuildStatusState.swift in Sources */,
				D447DCD7346C53F34D961C91 /* BuildStatusWatcher.swift in Sources */,
				52A50012BC069C227653FE78 /* CLISubprocessManager.swift in Sources */,
				D05C0BA31AD477A67E19CB86 /* CanvasElementView.swift in Sources */,
				DD9847A108B13A131E94EBA3 /* CanvasNode.swift in Sources */,
				8505CA3CB7CAFC422CAAFFFB /* CanvasPersistence.swift in Sources */,
				7ADCE79A83BAA2E5051B4EAB /* ChatMessage.swift in Sources */,
				22DFD161C8BE07141B17B213 /* ChatTileResizeOverlay.swift in Sources */,
				9CBAF5D0CCF1CC42303D581D /* ChatTileView.swift in Sources */,
				9995F4FD64D8D5F7F0FBD10D /* CodeBlockView.swift in Sources */,
				042A8D2CF61C969F79E7BB8F /* CommitBar.swift in Sources */,
				6D4694D86D395AA3E0F11809 /* ConnectionSummaryManager.swift in Sources */,
				2FCD4DADADAE0B13FB060D80 /* ConnectionsLayer.swift in Sources */,
				449169319080787A9AFD1CEB /* ContextManifest.swift in Sources */,
				4D85A7FAD126CCC450B6E2D2 /* DiffView.swift in Sources */,
				B5EA5B5FCB5F2A0A8B9BC96A /* EditableMarkdownRenderer.swift in Sources */,
				50255C428DE574A26CBA9184 /* FilePreviewView.swift in Sources */,
				E1D8E3F7F0E6ED1A2E02A930 /* FileTreeNode.swift in Sources */,
				DCE5831F073A29D3341884FA /* FileTreeView.swift in Sources */,
				A34B8959974F7927487B481B /* FileWatcher.swift in Sources */,
				4A25D41B5AED10D8711A0303 /* FrameContainerView.swift in Sources */,
				9A7599FBE37CE99F39DB634A /* GhosttyAppManager.swift in Sources */,
				871B320C880BB36D33B699F3 /* GhosttyConfig.swift in Sources */,
				B68A9BA58C76081C1BD3C20A /* GitPanelView.swift in Sources */,
				AF213BD23071867AEAF312C2 /* GitRepository.swift in Sources */,
				117F4B5D662757E5F411C604 /* GitSidebarView.swift in Sources */,
				B637F69B5A385EC7D882E5C1 /* GitWorktreeManager.swift in Sources */,
				F843DD275A7276A1294F9524 /* ImageTileView.swift in Sources */,
				99A05E4B6A1A4E159D8C4A8D /* InlineNodesView.swift in Sources */,
				EB4A4870B0D12CBF87A327B5 /* KeyboardShortcuts.swift in Sources */,
				316F072D79A27D01CE4A8364 /* LeftPanelView.swift in Sources */,
				21F8F23BF02F16D69A53976A /* MarkdownRenderer.swift in Sources */,
				3C24A763FB708CA210F212C7 /* MarkdownTableView.swift in Sources */,
				7563726A422E225F8519CFF2 /* MarkdownTileView.swift in Sources */,
				929607743BE8DB17B97FACF6 /* MermaidRenderer.swift in Sources */,
				E14E1B6A81061CDB00DFBD02 /* NewTaskSheet.swift in Sources */,
				4E251F21E3201D9C15D83851 /* PaneLayout.swift in Sources */,
				B95C32539457698DEAB58ECB /* PlanCanvasState.swift in Sources */,
				E0ADD8A371E2E4DBD936C308 /* PlanCanvasView.swift in Sources */,
				862262E3EC6D09753D882AFA /* PlanChatState.swift in Sources */,
				9A591DEA92F5E2CBEC8B1BF1 /* PlanChatView.swift in Sources */,
				B9E8125A92533B1BE418C116 /* PlanTabBar.swift in Sources */,
				8D614A6C2D45D57D424989FF /* PlanTabInfo.swift in Sources */,
				99C0E7F5B2D4F602 /* PlanConversationPersistence.swift in Sources */,
				AA0001000002AA01 /* PlanActionButtons.swift in Sources */,
				FF1234567890AB01 /* RoleSelectionModal.swift in Sources */,
				HH1234567890AB01 /* SlashCommandPopover.swift in Sources */,
				AA0001000001AA01 /* SpecVersionManager.swift in Sources */,
				A7D399BBD879DA2E9E981942 /* ProjectPickerView.swift in Sources */,
				64FC5DA81A3FACFE44D1AA80 /* ProjectStore.swift in Sources */,
				D8F81F365F4CE4AADB9F6AF2 /* RestoredTerminalView.swift in Sources */,
				DB00B889725D9768A2C89D5D /* ScrollWheelMonitor.swift in Sources */,
				E09D7A6E806674D69FB2C9E8 /* ScrollbackCapture.swift in Sources */,
				B1A14E416C7049CBAB06DA25 /* SendToMenu.swift in Sources */,
				A1AAED5FD90A0ABAFE690D9E /* SessionPersistence.swift in Sources */,
				C4A7780D27A2273DF964A740 /* SmartGuides.swift in Sources */,
				90E048B7DF3BA37460BFAB11 /* SpecAssembler.swift in Sources */,
				D82B700AF8FE1AA2527793C8 /* SpecPanelView.swift in Sources */,
				2EA50EA8BB183718A839EEED /* SpecParser.swift in Sources */,
				4CE1E4AE6F3E316D80DAB7EA /* SpecState.swift in Sources */,
				11E85D89FE1797692AA4A1C2 /* SpecStripView.swift in Sources */,
				D469DD816447093BEAD45B9E /* SpecWatcher.swift in Sources */,
				BFD578FE7958B66754A04103 /* StagingView.swift in Sources */,
				4E1E26BA9C8DC68DB90FB24F /* StickyNoteView.swift in Sources */,
				4ED11BF0954CC0664A2E983C /* SyntaxHighlighter.swift in Sources */,
				5F8E35F5B4DA5E20613FC383 /* TaskCompletionSheet.swift in Sources */,
				EE1234000001EE01 /* TaskArchive.swift in Sources */,
				EE5678000002EE01 /* TaskArchiveView.swift in Sources */,
				90C7EAE97BF0325E90DF8482 /* TaskRailView.swift in Sources */,
				88921FEE69D164CD2AE748C3 /* TaskState.swift in Sources */,
				23715A7AC1B62147BC77E750 /* TerminalPanel.swift in Sources */,
				643CCF8236804E5BE1FD0FA0 /* TerminalPanelView.swift in Sources */,
				1E5ED55A7A1F671ECD856708 /* TerminalSurface.swift in Sources */,
				D93EF647D18F66ED982F9A3A /* TerminalSurfaceView.swift in Sources */,
				936B5BEAB42C54F0B6C8D0AF /* TerminalTabBar.swift in Sources */,
				6F4107A269D1A841E6127D46 /* TerminalTileView.swift in Sources */,
				9360CD3287EF02D05C1BC77A /* TextContentView.swift in Sources */,
				9591F45CC67A3B7F0014BA52 /* Theme.swift in Sources */,
				114E5DDB1074922C239DBEE4 /* TileChrome.swift in Sources */,
				6A36A81E7902B40A55536106 /* TileConnection.swift in Sources */,
				20D07DB7250F7AD4DF1F5357 /* TileDragHandler.swift in Sources */,
				D2EF43F713D69EBBA1BDB82B /* TileResizeHandler.swift in Sources */,
				E77907DB66F6F98D9F46270F /* TileSelectionManager.swift in Sources */,
				F760C024C6D8C91D816E759B /* TileType.swift in Sources */,
				EFAE2854C186D103970455AC /* TmuxSessionManager.swift in Sources */,
				B42AE7BA6B493E509D9C97AB /* WorkspaceDropdown.swift in Sources */,
				F91DAF8940F0D4B0F909E8A9 /* WorkspaceState.swift in Sources */,
				621C5643294FD063C2D34DC0 /* WorkspaceView.swift in Sources */,
			);
			runOnlyForDeploymentPostprocessing = 0;
		};
/* End PBXSourcesBuildPhase section */

/* Begin PBXTargetDependency section */
		BA9985D6ED7B9E5ED35DF73C /* PBXTargetDependency */ = {
			isa = PBXTargetDependency;
			target = 5AA795CBC1C1159DB2C4AF8B /* BudahADE */;
			targetProxy = 3209792BAE6A2E1A4A06495B /* PBXContainerItemProxy */;
		};
/* End PBXTargetDependency section */

/* Begin XCBuildConfiguration section */
		3F21C4C89EED6AB202B6526A /* Release */ = {
			isa = XCBuildConfiguration;
			buildSettings = {
				ALWAYS_SEARCH_USER_PATHS = NO;
				CLANG_ANALYZER_NONNULL = YES;
				CLANG_ANALYZER_NUMBER_OBJECT_CONVERSION = YES_AGGRESSIVE;
				CLANG_CXX_LANGUAGE_STANDARD = "gnu++14";
				CLANG_CXX_LIBRARY = "libc++";
				CLANG_ENABLE_MODULES = YES;
				CLANG_ENABLE_OBJC_ARC = YES;
				CLANG_ENABLE_OBJC_WEAK = YES;
				CLANG_WARN_BLOCK_CAPTURE_AUTORELEASING = YES;
				CLANG_WARN_BOOL_CONVERSION = YES;
				CLANG_WARN_COMMA = YES;
				CLANG_WARN_CONSTANT_CONVERSION = YES;
				CLANG_WARN_DEPRECATED_OBJC_IMPLEMENTATIONS = YES;
				CLANG_WARN_DIRECT_OBJC_ISA_USAGE = YES_ERROR;
				CLANG_WARN_DOCUMENTATION_COMMENTS = YES;
				CLANG_WARN_EMPTY_BODY = YES;
				CLANG_WARN_ENUM_CONVERSION = YES;
				CLANG_WARN_INFINITE_RECURSION = YES;
				CLANG_WARN_INT_CONVERSION = YES;
				CLANG_WARN_NON_LITERAL_NULL_CONVERSION = YES;
				CLANG_WARN_OBJC_IMPLICIT_RETAIN_SELF = YES;
				CLANG_WARN_OBJC_LITERAL_CONVERSION = YES;
				CLANG_WARN_OBJC_ROOT_CLASS = YES_ERROR;
				CLANG_WARN_QUOTED_INCLUDE_IN_FRAMEWORK_HEADER = YES;
				CLANG_WARN_RANGE_LOOP_ANALYSIS = YES;
				CLANG_WARN_STRICT_PROTOTYPES = YES;
				CLANG_WARN_SUSPICIOUS_MOVE = YES;
				CLANG_WARN_UNGUARDED_AVAILABILITY = YES_AGGRESSIVE;
				CLANG_WARN_UNREACHABLE_CODE = YES;
				CLANG_WARN__DUPLICATE_METHOD_MATCH = YES;
				COPY_PHASE_STRIP = NO;
				DEBUG_INFORMATION_FORMAT = "dwarf-with-dsym";
				ENABLE_NS_ASSERTIONS = NO;
				ENABLE_STRICT_OBJC_MSGSEND = YES;
				GCC_C_LANGUAGE_STANDARD = gnu11;
				GCC_NO_COMMON_BLOCKS = YES;
				GCC_WARN_64_TO_32_BIT_CONVERSION = YES;
				GCC_WARN_ABOUT_RETURN_TYPE = YES_ERROR;
				GCC_WARN_UNDECLARED_SELECTOR = YES;
				GCC_WARN_UNINITIALIZED_AUTOS = YES_AGGRESSIVE;
				GCC_WARN_UNUSED_FUNCTION = YES;
				GCC_WARN_UNUSED_VARIABLE = YES;
				MACOSX_DEPLOYMENT_TARGET = 14.0;
				MTL_ENABLE_DEBUG_INFO = NO;
				MTL_FAST_MATH = YES;
				PRODUCT_NAME = "$(TARGET_NAME)";
				SDKROOT = macosx;
				SWIFT_COMPILATION_MODE = wholemodule;
				SWIFT_OBJC_BRIDGING_HEADER = "BudahADE-Bridging-Header.h";
				SWIFT_OPTIMIZATION_LEVEL = "-O";
				SWIFT_VERSION = 5.9;
			};
			name = Release;
		};
		4B452F2FD4B67019DB85BB76 /* Release */ = {
			isa = XCBuildConfiguration;
			buildSettings = {
				ASSETCATALOG_COMPILER_APPICON_NAME = AppIcon;
				CODE_SIGN_STYLE = Automatic;
				COMBINE_HIDPI_IMAGES = YES;
				CURRENT_PROJECT_VERSION = 1;
				ENABLE_HARDENED_RUNTIME = YES;
				GENERATE_INFOPLIST_FILE = YES;
				HEADER_SEARCH_PATHS = (
					"$(inherited)",
					"$(PROJECT_DIR)/GhosttyKit.xcframework/macos-arm64_x86_64/Headers",
					"$(PROJECT_DIR)",
				);
				INFOPLIST_FILE = BudahADE/Info.plist;
				LD_RUNPATH_SEARCH_PATHS = (
					"$(inherited)",
					"@executable_path/../Frameworks",
				);
				LIBRARY_SEARCH_PATHS = (
					"$(inherited)",
					"$(PROJECT_DIR)/GhosttyKit.xcframework/macos-arm64_x86_64",
				);
				MARKETING_VERSION = 0.1.0;
				OTHER_LDFLAGS = (
					"-lghostty",
					"-lz",
					"-lc++",
					"-framework Metal",
					"-framework MetalKit",
					"-framework QuartzCore",
					"-framework IOSurface",
					"-framework Carbon",
					"-framework CoreGraphics",
					"-framework CoreText",
					"-framework Foundation",
					"-framework AppKit",
					"-framework UniformTypeIdentifiers",
				);
				PRODUCT_BUNDLE_IDENTIFIER = com.budah.ade;
				PRODUCT_NAME = BudahADE;
				SDKROOT = macosx;
				SWIFT_OBJC_BRIDGING_HEADER = "BudahADE-Bridging-Header.h";
			};
			name = Release;
		};
		6CFFA022655FB899EFCED53F /* Debug */ = {
			isa = XCBuildConfiguration;
			buildSettings = {
				ASSETCATALOG_COMPILER_APPICON_NAME = AppIcon;
				CODE_SIGN_STYLE = Automatic;
				COMBINE_HIDPI_IMAGES = YES;
				CURRENT_PROJECT_VERSION = 1;
				ENABLE_HARDENED_RUNTIME = YES;
				GENERATE_INFOPLIST_FILE = YES;
				HEADER_SEARCH_PATHS = (
					"$(inherited)",
					"$(PROJECT_DIR)/GhosttyKit.xcframework/macos-arm64_x86_64/Headers",
					"$(PROJECT_DIR)",
				);
				INFOPLIST_FILE = BudahADE/Info.plist;
				LD_RUNPATH_SEARCH_PATHS = (
					"$(inherited)",
					"@executable_path/../Frameworks",
				);
				LIBRARY_SEARCH_PATHS = (
					"$(inherited)",
					"$(PROJECT_DIR)/GhosttyKit.xcframework/macos-arm64_x86_64",
				);
				MARKETING_VERSION = 0.1.0;
				OTHER_LDFLAGS = (
					"-lghostty",
					"-lz",
					"-lc++",
					"-framework Metal",
					"-framework MetalKit",
					"-framework QuartzCore",
					"-framework IOSurface",
					"-framework Carbon",
					"-framework CoreGraphics",
					"-framework CoreText",
					"-framework Foundation",
					"-framework AppKit",
					"-framework UniformTypeIdentifiers",
				);
				PRODUCT_BUNDLE_IDENTIFIER = com.budah.ade;
				PRODUCT_NAME = BudahADE;
				SDKROOT = macosx;
				SWIFT_OBJC_BRIDGING_HEADER = "BudahADE-Bridging-Header.h";
			};
			name = Debug;
		};
		A37AE9AC43ECE6427C5B65B1 /* Debug */ = {
			isa = XCBuildConfiguration;
			buildSettings = {
				ALWAYS_SEARCH_USER_PATHS = NO;
				CLANG_ANALYZER_NONNULL = YES;
				CLANG_ANALYZER_NUMBER_OBJECT_CONVERSION = YES_AGGRESSIVE;
				CLANG_CXX_LANGUAGE_STANDARD = "gnu++14";
				CLANG_CXX_LIBRARY = "libc++";
				CLANG_ENABLE_MODULES = YES;
				CLANG_ENABLE_OBJC_ARC = YES;
				CLANG_ENABLE_OBJC_WEAK = YES;
				CLANG_WARN_BLOCK_CAPTURE_AUTORELEASING = YES;
				CLANG_WARN_BOOL_CONVERSION = YES;
				CLANG_WARN_COMMA = YES;
				CLANG_WARN_CONSTANT_CONVERSION = YES;
				CLANG_WARN_DEPRECATED_OBJC_IMPLEMENTATIONS = YES;
				CLANG_WARN_DIRECT_OBJC_ISA_USAGE = YES_ERROR;
				CLANG_WARN_DOCUMENTATION_COMMENTS = YES;
				CLANG_WARN_EMPTY_BODY = YES;
				CLANG_WARN_ENUM_CONVERSION = YES;
				CLANG_WARN_INFINITE_RECURSION = YES;
				CLANG_WARN_INT_CONVERSION = YES;
				CLANG_WARN_NON_LITERAL_NULL_CONVERSION = YES;
				CLANG_WARN_OBJC_IMPLICIT_RETAIN_SELF = YES;
				CLANG_WARN_OBJC_LITERAL_CONVERSION = YES;
				CLANG_WARN_OBJC_ROOT_CLASS = YES_ERROR;
				CLANG_WARN_QUOTED_INCLUDE_IN_FRAMEWORK_HEADER = YES;
				CLANG_WARN_RANGE_LOOP_ANALYSIS = YES;
				CLANG_WARN_STRICT_PROTOTYPES = YES;
				CLANG_WARN_SUSPICIOUS_MOVE = YES;
				CLANG_WARN_UNGUARDED_AVAILABILITY = YES_AGGRESSIVE;
				CLANG_WARN_UNREACHABLE_CODE = YES;
				CLANG_WARN__DUPLICATE_METHOD_MATCH = YES;
				COPY_PHASE_STRIP = NO;
				DEBUG_INFORMATION_FORMAT = dwarf;
				ENABLE_STRICT_OBJC_MSGSEND = YES;
				ENABLE_TESTABILITY = YES;
				GCC_C_LANGUAGE_STANDARD = gnu11;
				GCC_DYNAMIC_NO_PIC = NO;
				GCC_NO_COMMON_BLOCKS = YES;
				GCC_OPTIMIZATION_LEVEL = 0;
				GCC_PREPROCESSOR_DEFINITIONS = (
					"$(inherited)",
					"DEBUG=1",
				);
				GCC_WARN_64_TO_32_BIT_CONVERSION = YES;
				GCC_WARN_ABOUT_RETURN_TYPE = YES_ERROR;
				GCC_WARN_UNDECLARED_SELECTOR = YES;
				GCC_WARN_UNINITIALIZED_AUTOS = YES_AGGRESSIVE;
				GCC_WARN_UNUSED_FUNCTION = YES;
				GCC_WARN_UNUSED_VARIABLE = YES;
				MACOSX_DEPLOYMENT_TARGET = 14.0;
				MTL_ENABLE_DEBUG_INFO = INCLUDE_SOURCE;
				MTL_FAST_MATH = YES;
				ONLY_ACTIVE_ARCH = YES;
				PRODUCT_NAME = "$(TARGET_NAME)";
				SDKROOT = macosx;
				SWIFT_ACTIVE_COMPILATION_CONDITIONS = DEBUG;
				SWIFT_OBJC_BRIDGING_HEADER = "BudahADE-Bridging-Header.h";
				SWIFT_OPTIMIZATION_LEVEL = "-Onone";
				SWIFT_VERSION = 5.9;
			};
			name = Debug;
		};
		EC899BAEAB3F13A9E8783EF2 /* Debug */ = {
			isa = XCBuildConfiguration;
			buildSettings = {
				BUNDLE_LOADER = "$(TEST_HOST)";
				COMBINE_HIDPI_IMAGES = YES;
				GENERATE_INFOPLIST_FILE = YES;
				LD_RUNPATH_SEARCH_PATHS = (
					"$(inherited)",
					"@executable_path/../Frameworks",
					"@loader_path/../Frameworks",
				);
				PRODUCT_BUNDLE_IDENTIFIER = com.budah.ade.tests;
				SDKROOT = macosx;
				TEST_HOST = "$(BUILT_PRODUCTS_DIR)/BudahADE.app/Contents/MacOS/BudahADE";
			};
			name = Debug;
		};
		F1B1487A7F6EE7B81BACDEFA /* Release */ = {
			isa = XCBuildConfiguration;
			buildSettings = {
				BUNDLE_LOADER = "$(TEST_HOST)";
				COMBINE_HIDPI_IMAGES = YES;
				GENERATE_INFOPLIST_FILE = YES;
				LD_RUNPATH_SEARCH_PATHS = (
					"$(inherited)",
					"@executable_path/../Frameworks",
					"@loader_path/../Frameworks",
				);
				PRODUCT_BUNDLE_IDENTIFIER = com.budah.ade.tests;
				SDKROOT = macosx;
				TEST_HOST = "$(BUILT_PRODUCTS_DIR)/BudahADE.app/Contents/MacOS/BudahADE";
			};
			name = Release;
		};
/* End XCBuildConfiguration section */

/* Begin XCConfigurationList section */
		10293072C0E46460AB78B656 /* Build configuration list for PBXNativeTarget "BudahADETests" */ = {
			isa = XCConfigurationList;
			buildConfigurations = (
				EC899BAEAB3F13A9E8783EF2 /* Debug */,
				F1B1487A7F6EE7B81BACDEFA /* Release */,
			);
			defaultConfigurationIsVisible = 0;
			defaultConfigurationName = Debug;
		};
		4E442BC8DD4CF31AD5D5F3B7 /* Build configuration list for PBXNativeTarget "BudahADE" */ = {
			isa = XCConfigurationList;
			buildConfigurations = (
				6CFFA022655FB899EFCED53F /* Debug */,
				4B452F2FD4B67019DB85BB76 /* Release */,
			);
			defaultConfigurationIsVisible = 0;
			defaultConfigurationName = Debug;
		};
		F66CB67C8A13838DF5DE1096 /* Build configuration list for PBXProject "BudahADE" */ = {
			isa = XCConfigurationList;
			buildConfigurations = (
				A37AE9AC43ECE6427C5B65B1 /* Debug */,
				3F21C4C89EED6AB202B6526A /* Release */,
			);
			defaultConfigurationIsVisible = 0;
			defaultConfigurationName = Debug;
		};
/* End XCConfigurationList section */

/* Begin XCRemoteSwiftPackageReference section */
		5F2B515BC8FD589F6330375F /* XCRemoteSwiftPackageReference "swift-markdown" */ = {
			isa = XCRemoteSwiftPackageReference;
			repositoryURL = "https://github.com/swiftlang/swift-markdown.git";
			requirement = {
				kind = upToNextMajorVersion;
				minimumVersion = 0.5.0;
			};
		};
/* End XCRemoteSwiftPackageReference section */

/* Begin XCSwiftPackageProductDependency section */
		E66CC99F9D66B16269939F80 /* Markdown */ = {
			isa = XCSwiftPackageProductDependency;
			package = 5F2B515BC8FD589F6330375F /* XCRemoteSwiftPackageReference "swift-markdown" */;
			productName = Markdown;
		};
/* End XCSwiftPackageProductDependency section */
	};
	rootObject = D56FDD81D25CA8B1F7FDA90C /* Project object */;
}
